
Microsoft Visual Studio Solution File, Format Version 12.00
# Visual Studio Version 17
VisualStudioVersion = 17.14.36109.1
MinimumVisualStudioVersion = 10.0.40219.1
Project("{FAE04EC0-301F-11D3-BF4B-00C04F79EFBC}") = "AuthenticationService", "AuthenticationService\AuthenticationService.csproj", "{324DA62E-30CC-4998-AED7-4CFE9659353A}"
EndProject
Project("{FAE04EC0-301F-11D3-BF4B-00C04F79EFBC}") = "MusicService", "MusicService\MusicService.csproj", "{369CB16E-1670-4ADB-B291-9549CE585031}"
EndProject
Project("{FAE04EC0-301F-11D3-BF4B-00C04F79EFBC}") = "ApiGatewayService", "ApiGatewayService\ApiGatewayService.csproj", "{BFFC1E9D-A139-444F-9E1E-689F9DE45B8D}"
EndProject
Global
	GlobalSection(SolutionConfigurationPlatforms) = preSolution
		Debug|Any CPU = Debug|Any CPU
		Debug|x64 = Debug|x64
		Debug|x86 = Debug|x86
		Release|Any CPU = Release|Any CPU
		Release|x64 = Release|x64
		Release|x86 = Release|x86
	EndGlobalSection
	GlobalSection(ProjectConfigurationPlatforms) = postSolution
		{324DA62E-30CC-4998-AED7-4CFE9659353A}.Debug|Any CPU.ActiveCfg = Debug|Any CPU
		{324DA62E-30CC-4998-AED7-4CFE9659353A}.Debug|Any CPU.Build.0 = Debug|Any CPU
		{324DA62E-30CC-4998-AED7-4CFE9659353A}.Debug|x64.ActiveCfg = Debug|Any CPU
		{324DA62E-30CC-4998-AED7-4CFE9659353A}.Debug|x64.Build.0 = Debug|Any CPU
		{324DA62E-30CC-4998-AED7-4CFE9659353A}.Debug|x86.ActiveCfg = Debug|Any CPU
		{324DA62E-30CC-4998-AED7-4CFE9659353A}.Debug|x86.Build.0 = Debug|Any CPU
		{324DA62E-30CC-4998-AED7-4CFE9659353A}.Release|Any CPU.ActiveCfg = Release|Any CPU
		{324DA62E-30CC-4998-AED7-4CFE9659353A}.Release|Any CPU.Build.0 = Release|Any CPU
		{324DA62E-30CC-4998-AED7-4CFE9659353A}.Release|x64.ActiveCfg = Release|Any CPU
		{324DA62E-30CC-4998-AED7-4CFE9659353A}.Release|x64.Build.0 = Release|Any CPU
		{324DA62E-30CC-4998-AED7-4CFE9659353A}.Release|x86.ActiveCfg = Release|Any CPU
		{324DA62E-30CC-4998-AED7-4CFE9659353A}.Release|x86.Build.0 = Release|Any CPU
		{369CB16E-1670-4ADB-B291-9549CE585031}.Debug|Any CPU.ActiveCfg = Debug|Any CPU
		{369CB16E-1670-4ADB-B291-9549CE585031}.Debug|Any CPU.Build.0 = Debug|Any CPU
		{369CB16E-1670-4ADB-B291-9549CE585031}.Debug|x64.ActiveCfg = Debug|Any CPU
		{369CB16E-1670-4ADB-B291-9549CE585031}.Debug|x64.Build.0 = Debug|Any CPU
		{369CB16E-1670-4ADB-B291-9549CE585031}.Debug|x86.ActiveCfg = Debug|Any CPU
		{369CB16E-1670-4ADB-B291-9549CE585031}.Debug|x86.Build.0 = Debug|Any CPU
		{369CB16E-1670-4ADB-B291-9549CE585031}.Release|Any CPU.ActiveCfg = Release|Any CPU
		{369CB16E-1670-4ADB-B291-9549CE585031}.Release|Any CPU.Build.0 = Release|Any CPU
		{369CB16E-1670-4ADB-B291-9549CE585031}.Release|x64.ActiveCfg = Release|Any CPU
		{369CB16E-1670-4ADB-B291-9549CE585031}.Release|x64.Build.0 = Release|Any CPU
		{369CB16E-1670-4ADB-B291-9549CE585031}.Release|x86.ActiveCfg = Release|Any CPU
		{369CB16E-1670-4ADB-B291-9549CE585031}.Release|x86.Build.0 = Release|Any CPU
		{BFFC1E9D-A139-444F-9E1E-689F9DE45B8D}.Debug|Any CPU.ActiveCfg = Debug|Any CPU
		{BFFC1E9D-A139-444F-9E1E-689F9DE45B8D}.Debug|Any CPU.Build.0 = Debug|Any CPU
		{BFFC1E9D-A139-444F-9E1E-689F9DE45B8D}.Debug|x64.ActiveCfg = Debug|Any CPU
		{BFFC1E9D-A139-444F-9E1E-689F9DE45B8D}.Debug|x64.Build.0 = Debug|Any CPU
		{BFFC1E9D-A139-444F-9E1E-689F9DE45B8D}.Debug|x86.ActiveCfg = Debug|Any CPU
		{BFFC1E9D-A139-444F-9E1E-689F9DE45B8D}.Debug|x86.Build.0 = Debug|Any CPU
		{BFFC1E9D-A139-444F-9E1E-689F9DE45B8D}.Release|Any CPU.ActiveCfg = Release|Any CPU
		{BFFC1E9D-A139-444F-9E1E-689F9DE45B8D}.Release|Any CPU.Build.0 = Release|Any CPU
		{BFFC1E9D-A139-444F-9E1E-689F9DE45B8D}.Release|x64.ActiveCfg = Release|Any CPU
		{BFFC1E9D-A139-444F-9E1E-689F9DE45B8D}.Release|x64.Build.0 = Release|Any CPU
		{BFFC1E9D-A139-444F-9E1E-689F9DE45B8D}.Release|x86.ActiveCfg = Release|Any CPU
		{BFFC1E9D-A139-444F-9E1E-689F9DE45B8D}.Release|x86.Build.0 = Release|Any CPU
	EndGlobalSection
	GlobalSection(SolutionProperties) = preSolution
		HideSolutionNode = FALSE
	EndGlobalSection
	GlobalSection(ExtensibilityGlobals) = postSolution
		SolutionGuid = {377A3D3D-DC72-4819-860F-0BEEB2166075}
	EndGlobalSection
EndGlobal
